$begin 'ConnectionParameters'
	DesktopProcessID=10596
	DesktopProcessPath='C:\\Program Files\\AnsysEM\\HFSS15.0\\Win64\\hfss.exe'
	LaunchedByWB=false
	$begin 'DesktopStubBlock'
		$begin 'CommDetails'
			TransportType=1
			IPAddress='10.17.5.97'
			ListenPort='58272'
		$end 'CommDetails'
		$begin 'Marshall'
			InstanceID=503
			ProcID=10596
			InterfaceID=1
			FactoryIntID='DesktopInterfaceForWBProxyStubFactory'
		$end 'Marshall'
	$end 'DesktopStubBlock'
	$begin 'DesktopBackgroundObjStubBlock'
		$begin 'CommDetails'
			TransportType=1
			IPAddress='10.17.5.97'
			ListenPort='58272'
		$end 'CommDetails'
		$begin 'Marshall'
			InstanceID=505
			ProcID=10596
			InterfaceID=2
			FactoryIntID='DesktopInterfaceForWBProxyStubFactory'
		$end 'Marshall'
	$end 'DesktopBackgroundObjStubBlock'
$end 'ConnectionParameters'
