$begin 'ConnectionParameters'
	DesktopProcessID=9896
	DesktopProcessPath='C:\\Program Files\\AnsysEM\\HFSS15.0\\Win64\\hfss.exe'
	LaunchedByWB=false
	$begin 'DesktopStubBlock'
		$begin 'CommDetails'
			TransportType=1
			IPAddress='192.168.0.14'
			ListenPort='52765'
		$end 'CommDetails'
		$begin 'Marshall'
			InstanceID=503
			ProcID=9896
			InterfaceID=1
			FactoryIntID='DesktopInterfaceForWBProxyStubFactory'
		$end 'Marshall'
	$end 'DesktopStubBlock'
	$begin 'DesktopBackgroundObjStubBlock'
		$begin 'CommDetails'
			TransportType=1
			IPAddress='192.168.0.14'
			ListenPort='52765'
		$end 'CommDetails'
		$begin 'Marshall'
			InstanceID=505
			ProcID=9896
			InterfaceID=2
			FactoryIntID='DesktopInterfaceForWBProxyStubFactory'
		$end 'Marshall'
	$end 'DesktopBackgroundObjStubBlock'
$end 'ConnectionParameters'
